
Microsoft Visual Studio Solution File, Format Version 12.00
# Visual Studio Version 16
VisualStudioVersion = 16.0.31729.503
MinimumVisualStudioVersion = 10.0.40219.1
Project("{8BC9CEB8-8B4A-11D0-8D11-00A0C91BC942}") = "lab.6.3(2)", "lab.6.3(2)\lab.6.3(2).vcxproj", "{1A9A512D-F17C-4E45-A5AA-9483C7F1FC9D}"
EndProject
Project("{8BC9CEB8-8B4A-11D0-8D11-00A0C91BC942}") = "UnitTest_lab.3(2)", "UnitTest_lab.3(2)\UnitTest_lab.3(2).vcxproj", "{FD59684C-B146-4F24-B70E-05FDA1F6F62A}"
EndProject
Global
	GlobalSection(SolutionConfigurationPlatforms) = preSolution
		Debug|x64 = Debug|x64
		Debug|x86 = Debug|x86
		Release|x64 = Release|x64
		Release|x86 = Release|x86
	EndGlobalSection
	GlobalSection(ProjectConfigurationPlatforms) = postSolution
		{1A9A512D-F17C-4E45-A5AA-9483C7F1FC9D}.Debug|x64.ActiveCfg = Debug|x64
		{1A9A512D-F17C-4E45-A5AA-9483C7F1FC9D}.Debug|x64.Build.0 = Debug|x64
		{1A9A512D-F17C-4E45-A5AA-9483C7F1FC9D}.Debug|x86.ActiveCfg = Debug|Win32
		{1A9A512D-F17C-4E45-A5AA-9483C7F1FC9D}.Debug|x86.Build.0 = Debug|Win32
		{1A9A512D-F17C-4E45-A5AA-9483C7F1FC9D}.Release|x64.ActiveCfg = Release|x64
		{1A9A512D-F17C-4E45-A5AA-9483C7F1FC9D}.Release|x64.Build.0 = Release|x64
		{1A9A512D-F17C-4E45-A5AA-9483C7F1FC9D}.Release|x86.ActiveCfg = Release|Win32
		{1A9A512D-F17C-4E45-A5AA-9483C7F1FC9D}.Release|x86.Build.0 = Release|Win32
		{FD59684C-B146-4F24-B70E-05FDA1F6F62A}.Debug|x64.ActiveCfg = Debug|x64
		{FD59684C-B146-4F24-B70E-05FDA1F6F62A}.Debug|x64.Build.0 = Debug|x64
		{FD59684C-B146-4F24-B70E-05FDA1F6F62A}.Debug|x86.ActiveCfg = Debug|Win32
		{FD59684C-B146-4F24-B70E-05FDA1F6F62A}.Debug|x86.Build.0 = Debug|Win32
		{FD59684C-B146-4F24-B70E-05FDA1F6F62A}.Release|x64.ActiveCfg = Release|x64
		{FD59684C-B146-4F24-B70E-05FDA1F6F62A}.Release|x64.Build.0 = Release|x64
		{FD59684C-B146-4F24-B70E-05FDA1F6F62A}.Release|x86.ActiveCfg = Release|Win32
		{FD59684C-B146-4F24-B70E-05FDA1F6F62A}.Release|x86.Build.0 = Release|Win32
	EndGlobalSection
	GlobalSection(SolutionProperties) = preSolution
		HideSolutionNode = FALSE
	EndGlobalSection
	GlobalSection(ExtensibilityGlobals) = postSolution
		SolutionGuid = {E8C85423-A243-4F0F-A244-A922A7A0C1A7}
	EndGlobalSection
EndGlobal
